
Microsoft Visual Studio Solution File, Format Version 12.00
# Visual Studio Version 16
VisualStudioVersion = 16.0.30114.105
MinimumVisualStudioVersion = 10.0.40219.1
Project("{FAE04EC0-301F-11D3-BF4B-00C04F79EFBC}") = "SelfTracker.UWP", "SelfTracker.UWP\SelfTracker.UWP.csproj", "{FFBE5DF2-0170-4A0B-8D9F-9B4ED2CFE933}"
EndProject
Project("{FAE04EC0-301F-11D3-BF4B-00C04F79EFBC}") = "SelfTracker.Android", "SelfTracker.Android\SelfTracker.Android.csproj", "{62F870BB-AE40-4475-92B0-B2B018E0A814}"
EndProject
Project("{FAE04EC0-301F-11D3-BF4B-00C04F79EFBC}") = "SelfTracker.iOS", "SelfTracker.iOS\SelfTracker.iOS.csproj", "{8A4191CE-4F74-4BB9-8F35-4ACEFEF9DCEB}"
EndProject
Project("{9A19103F-16F7-4668-BE54-9A1E7A4F7556}") = "SelfTracker", "SelfTracker\SelfTracker.csproj", "{4A57C3A3-4325-42BB-A695-6AE4857E9DB3}"
EndProject
Global
	GlobalSection(SolutionConfigurationPlatforms) = preSolution
		Debug|Any CPU = Debug|Any CPU
		Debug|ARM = Debug|ARM
		Debug|iPhone = Debug|iPhone
		Debug|iPhoneSimulator = Debug|iPhoneSimulator
		Debug|x64 = Debug|x64
		Debug|x86 = Debug|x86
		Release|Any CPU = Release|Any CPU
		Release|ARM = Release|ARM
		Release|iPhone = Release|iPhone
		Release|iPhoneSimulator = Release|iPhoneSimulator
		Release|x64 = Release|x64
		Release|x86 = Release|x86
	EndGlobalSection
	GlobalSection(ProjectConfigurationPlatforms) = postSolution
		{FFBE5DF2-0170-4A0B-8D9F-9B4ED2CFE933}.Debug|Any CPU.ActiveCfg = Debug|x86
		{FFBE5DF2-0170-4A0B-8D9F-9B4ED2CFE933}.Debug|Any CPU.Build.0 = Debug|x86
		{FFBE5DF2-0170-4A0B-8D9F-9B4ED2CFE933}.Debug|Any CPU.Deploy.0 = Debug|x86
		{FFBE5DF2-0170-4A0B-8D9F-9B4ED2CFE933}.Debug|ARM.ActiveCfg = Debug|ARM
		{FFBE5DF2-0170-4A0B-8D9F-9B4ED2CFE933}.Debug|ARM.Build.0 = Debug|ARM
		{FFBE5DF2-0170-4A0B-8D9F-9B4ED2CFE933}.Debug|ARM.Deploy.0 = Debug|ARM
		{FFBE5DF2-0170-4A0B-8D9F-9B4ED2CFE933}.Debug|iPhone.ActiveCfg = Debug|x86
		{FFBE5DF2-0170-4A0B-8D9F-9B4ED2CFE933}.Debug|iPhone.Build.0 = Debug|x86
		{FFBE5DF2-0170-4A0B-8D9F-9B4ED2CFE933}.Debug|iPhone.Deploy.0 = Debug|x86
		{FFBE5DF2-0170-4A0B-8D9F-9B4ED2CFE933}.Debug|iPhoneSimulator.ActiveCfg = Debug|x86
		{FFBE5DF2-0170-4A0B-8D9F-9B4ED2CFE933}.Debug|iPhoneSimulator.Build.0 = Debug|x86
		{FFBE5DF2-0170-4A0B-8D9F-9B4ED2CFE933}.Debug|iPhoneSimulator.Deploy.0 = Debug|x86
		{FFBE5DF2-0170-4A0B-8D9F-9B4ED2CFE933}.Debug|x64.ActiveCfg = Debug|x64
		{FFBE5DF2-0170-4A0B-8D9F-9B4ED2CFE933}.Debug|x64.Build.0 = Debug|x64
		{FFBE5DF2-0170-4A0B-8D9F-9B4ED2CFE933}.Debug|x64.Deploy.0 = Debug|x64
		{FFBE5DF2-0170-4A0B-8D9F-9B4ED2CFE933}.Debug|x86.ActiveCfg = Debug|x86
		{FFBE5DF2-0170-4A0B-8D9F-9B4ED2CFE933}.Debug|x86.Build.0 = Debug|x86
		{FFBE5DF2-0170-4A0B-8D9F-9B4ED2CFE933}.Debug|x86.Deploy.0 = Debug|x86
		{FFBE5DF2-0170-4A0B-8D9F-9B4ED2CFE933}.Release|Any CPU.ActiveCfg = Release|x86
		{FFBE5DF2-0170-4A0B-8D9F-9B4ED2CFE933}.Release|Any CPU.Build.0 = Release|x86
		{FFBE5DF2-0170-4A0B-8D9F-9B4ED2CFE933}.Release|Any CPU.Deploy.0 = Release|x86
		{FFBE5DF2-0170-4A0B-8D9F-9B4ED2CFE933}.Release|ARM.ActiveCfg = Release|ARM
		{FFBE5DF2-0170-4A0B-8D9F-9B4ED2CFE933}.Release|ARM.Build.0 = Release|ARM
		{FFBE5DF2-0170-4A0B-8D9F-9B4ED2CFE933}.Release|ARM.Deploy.0 = Release|ARM
		{FFBE5DF2-0170-4A0B-8D9F-9B4ED2CFE933}.Release|iPhone.ActiveCfg = Release|x86
		{FFBE5DF2-0170-4A0B-8D9F-9B4ED2CFE933}.Release|iPhone.Build.0 = Release|x86
		{FFBE5DF2-0170-4A0B-8D9F-9B4ED2CFE933}.Release|iPhone.Deploy.0 = Release|x86
		{FFBE5DF2-0170-4A0B-8D9F-9B4ED2CFE933}.Release|iPhoneSimulator.ActiveCfg = Release|x86
		{FFBE5DF2-0170-4A0B-8D9F-9B4ED2CFE933}.Release|iPhoneSimulator.Build.0 = Release|x86
		{FFBE5DF2-0170-4A0B-8D9F-9B4ED2CFE933}.Release|iPhoneSimulator.Deploy.0 = Release|x86
		{FFBE5DF2-0170-4A0B-8D9F-9B4ED2CFE933}.Release|x64.ActiveCfg = Release|x64
		{FFBE5DF2-0170-4A0B-8D9F-9B4ED2CFE933}.Release|x64.Build.0 = Release|x64
		{FFBE5DF2-0170-4A0B-8D9F-9B4ED2CFE933}.Release|x64.Deploy.0 = Release|x64
		{FFBE5DF2-0170-4A0B-8D9F-9B4ED2CFE933}.Release|x86.ActiveCfg = Release|x86
		{FFBE5DF2-0170-4A0B-8D9F-9B4ED2CFE933}.Release|x86.Build.0 = Release|x86
		{FFBE5DF2-0170-4A0B-8D9F-9B4ED2CFE933}.Release|x86.Deploy.0 = Release|x86
		{62F870BB-AE40-4475-92B0-B2B018E0A814}.Debug|Any CPU.ActiveCfg = Debug|Any CPU
		{62F870BB-AE40-4475-92B0-B2B018E0A814}.Debug|Any CPU.Build.0 = Debug|Any CPU
		{62F870BB-AE40-4475-92B0-B2B018E0A814}.Debug|Any CPU.Deploy.0 = Debug|Any CPU
		{62F870BB-AE40-4475-92B0-B2B018E0A814}.Debug|ARM.ActiveCfg = Debug|Any CPU
		{62F870BB-AE40-4475-92B0-B2B018E0A814}.Debug|ARM.Build.0 = Debug|Any CPU
		{62F870BB-AE40-4475-92B0-B2B018E0A814}.Debug|ARM.Deploy.0 = Debug|Any CPU
		{62F870BB-AE40-4475-92B0-B2B018E0A814}.Debug|iPhone.ActiveCfg = Debug|Any CPU
		{62F870BB-AE40-4475-92B0-B2B018E0A814}.Debug|iPhone.Build.0 = Debug|Any CPU
		{62F870BB-AE40-4475-92B0-B2B018E0A814}.Debug|iPhone.Deploy.0 = Debug|Any CPU
		{62F870BB-AE40-4475-92B0-B2B018E0A814}.Debug|iPhoneSimulator.ActiveCfg = Debug|Any CPU
		{62F870BB-AE40-4475-92B0-B2B018E0A814}.Debug|iPhoneSimulator.Build.0 = Debug|Any CPU
		{62F870BB-AE40-4475-92B0-B2B018E0A814}.Debug|iPhoneSimulator.Deploy.0 = Debug|Any CPU
		{62F870BB-AE40-4475-92B0-B2B018E0A814}.Debug|x64.ActiveCfg = Debug|Any CPU
		{62F870BB-AE40-4475-92B0-B2B018E0A814}.Debug|x64.Build.0 = Debug|Any CPU
		{62F870BB-AE40-4475-92B0-B2B018E0A814}.Debug|x64.Deploy.0 = Debug|Any CPU
		{62F870BB-AE40-4475-92B0-B2B018E0A814}.Debug|x86.ActiveCfg = Debug|Any CPU
		{62F870BB-AE40-4475-92B0-B2B018E0A814}.Debug|x86.Build.0 = Debug|Any CPU
		{62F870BB-AE40-4475-92B0-B2B018E0A814}.Debug|x86.Deploy.0 = Debug|Any CPU
		{62F870BB-AE40-4475-92B0-B2B018E0A814}.Release|Any CPU.ActiveCfg = Release|Any CPU
		{62F870BB-AE40-4475-92B0-B2B018E0A814}.Release|Any CPU.Build.0 = Release|Any CPU
		{62F870BB-AE40-4475-92B0-B2B018E0A814}.Release|Any CPU.Deploy.0 = Release|Any CPU
		{62F870BB-AE40-4475-92B0-B2B018E0A814}.Release|ARM.ActiveCfg = Release|Any CPU
		{62F870BB-AE40-4475-92B0-B2B018E0A814}.Release|ARM.Build.0 = Release|Any CPU
		{62F870BB-AE40-4475-92B0-B2B018E0A814}.Release|ARM.Deploy.0 = Release|Any CPU
		{62F870BB-AE40-4475-92B0-B2B018E0A814}.Release|iPhone.ActiveCfg = Release|Any CPU
		{62F870BB-AE40-4475-92B0-B2B018E0A814}.Release|iPhone.Build.0 = Release|Any CPU
		{62F870BB-AE40-4475-92B0-B2B018E0A814}.Release|iPhone.Deploy.0 = Release|Any CPU
		{62F870BB-AE40-4475-92B0-B2B018E0A814}.Release|iPhoneSimulator.ActiveCfg = Release|Any CPU
		{62F870BB-AE40-4475-92B0-B2B018E0A814}.Release|iPhoneSimulator.Build.0 = Release|Any CPU
		{62F870BB-AE40-4475-92B0-B2B018E0A814}.Release|iPhoneSimulator.Deploy.0 = Release|Any CPU
		{62F870BB-AE40-4475-92B0-B2B018E0A814}.Release|x64.ActiveCfg = Release|Any CPU
		{62F870BB-AE40-4475-92B0-B2B018E0A814}.Release|x64.Build.0 = Release|Any CPU
		{62F870BB-AE40-4475-92B0-B2B018E0A814}.Release|x64.Deploy.0 = Release|Any CPU
		{62F870BB-AE40-4475-92B0-B2B018E0A814}.Release|x86.ActiveCfg = Release|Any CPU
		{62F870BB-AE40-4475-92B0-B2B018E0A814}.Release|x86.Build.0 = Release|Any CPU
		{62F870BB-AE40-4475-92B0-B2B018E0A814}.Release|x86.Deploy.0 = Release|Any CPU
		{8A4191CE-4F74-4BB9-8F35-4ACEFEF9DCEB}.Debug|Any CPU.ActiveCfg = Debug|iPhone
		{8A4191CE-4F74-4BB9-8F35-4ACEFEF9DCEB}.Debug|Any CPU.Build.0 = Debug|iPhone
		{8A4191CE-4F74-4BB9-8F35-4ACEFEF9DCEB}.Debug|Any CPU.Deploy.0 = Debug|iPhone
		{8A4191CE-4F74-4BB9-8F35-4ACEFEF9DCEB}.Debug|ARM.ActiveCfg = Debug|iPhone
		{8A4191CE-4F74-4BB9-8F35-4ACEFEF9DCEB}.Debug|ARM.Build.0 = Debug|iPhone
		{8A4191CE-4F74-4BB9-8F35-4ACEFEF9DCEB}.Debug|ARM.Deploy.0 = Debug|iPhone
		{8A4191CE-4F74-4BB9-8F35-4ACEFEF9DCEB}.Debug|iPhone.ActiveCfg = Debug|iPhone
		{8A4191CE-4F74-4BB9-8F35-4ACEFEF9DCEB}.Debug|iPhone.Build.0 = Debug|iPhone
		{8A4191CE-4F74-4BB9-8F35-4ACEFEF9DCEB}.Debug|iPhone.Deploy.0 = Debug|iPhone
		{8A4191CE-4F74-4BB9-8F35-4ACEFEF9DCEB}.Debug|iPhoneSimulator.ActiveCfg = Debug|iPhoneSimulator
		{8A4191CE-4F74-4BB9-8F35-4ACEFEF9DCEB}.Debug|iPhoneSimulator.Build.0 = Debug|iPhoneSimulator
		{8A4191CE-4F74-4BB9-8F35-4ACEFEF9DCEB}.Debug|iPhoneSimulator.Deploy.0 = Debug|iPhoneSimulator
		{8A4191CE-4F74-4BB9-8F35-4ACEFEF9DCEB}.Debug|x64.ActiveCfg = Debug|iPhone
		{8A4191CE-4F74-4BB9-8F35-4ACEFEF9DCEB}.Debug|x64.Build.0 = Debug|iPhone
		{8A4191CE-4F74-4BB9-8F35-4ACEFEF9DCEB}.Debug|x64.Deploy.0 = Debug|iPhone
		{8A4191CE-4F74-4BB9-8F35-4ACEFEF9DCEB}.Debug|x86.ActiveCfg = Debug|iPhone
		{8A4191CE-4F74-4BB9-8F35-4ACEFEF9DCEB}.Debug|x86.Build.0 = Debug|iPhone
		{8A4191CE-4F74-4BB9-8F35-4ACEFEF9DCEB}.Debug|x86.Deploy.0 = Debug|iPhone
		{8A4191CE-4F74-4BB9-8F35-4ACEFEF9DCEB}.Release|Any CPU.ActiveCfg = Release|iPhone
		{8A4191CE-4F74-4BB9-8F35-4ACEFEF9DCEB}.Release|Any CPU.Build.0 = Release|iPhone
		{8A4191CE-4F74-4BB9-8F35-4ACEFEF9DCEB}.Release|Any CPU.Deploy.0 = Release|iPhone
		{8A4191CE-4F74-4BB9-8F35-4ACEFEF9DCEB}.Release|ARM.ActiveCfg = Release|iPhone
		{8A4191CE-4F74-4BB9-8F35-4ACEFEF9DCEB}.Release|ARM.Build.0 = Release|iPhone
		{8A4191CE-4F74-4BB9-8F35-4ACEFEF9DCEB}.Release|ARM.Deploy.0 = Release|iPhone
		{8A4191CE-4F74-4BB9-8F35-4ACEFEF9DCEB}.Release|iPhone.ActiveCfg = Release|iPhone
		{8A4191CE-4F74-4BB9-8F35-4ACEFEF9DCEB}.Release|iPhone.Build.0 = Release|iPhone
		{8A4191CE-4F74-4BB9-8F35-4ACEFEF9DCEB}.Release|iPhone.Deploy.0 = Release|iPhone
		{8A4191CE-4F74-4BB9-8F35-4ACEFEF9DCEB}.Release|iPhoneSimulator.ActiveCfg = Release|iPhoneSimulator
		{8A4191CE-4F74-4BB9-8F35-4ACEFEF9DCEB}.Release|iPhoneSimulator.Build.0 = Release|iPhoneSimulator
		{8A4191CE-4F74-4BB9-8F35-4ACEFEF9DCEB}.Release|iPhoneSimulator.Deploy.0 = Release|iPhoneSimulator
		{8A4191CE-4F74-4BB9-8F35-4ACEFEF9DCEB}.Release|x64.ActiveCfg = Release|iPhone
		{8A4191CE-4F74-4BB9-8F35-4ACEFEF9DCEB}.Release|x64.Build.0 = Release|iPhone
		{8A4191CE-4F74-4BB9-8F35-4ACEFEF9DCEB}.Release|x64.Deploy.0 = Release|iPhone
		{8A4191CE-4F74-4BB9-8F35-4ACEFEF9DCEB}.Release|x86.ActiveCfg = Release|iPhone
		{8A4191CE-4F74-4BB9-8F35-4ACEFEF9DCEB}.Release|x86.Build.0 = Release|iPhone
		{8A4191CE-4F74-4BB9-8F35-4ACEFEF9DCEB}.Release|x86.Deploy.0 = Release|iPhone
		{4A57C3A3-4325-42BB-A695-6AE4857E9DB3}.Debug|Any CPU.ActiveCfg = Debug|Any CPU
		{4A57C3A3-4325-42BB-A695-6AE4857E9DB3}.Debug|Any CPU.Build.0 = Debug|Any CPU
		{4A57C3A3-4325-42BB-A695-6AE4857E9DB3}.Debug|Any CPU.Deploy.0 = Debug|Any CPU
		{4A57C3A3-4325-42BB-A695-6AE4857E9DB3}.Debug|ARM.ActiveCfg = Debug|Any CPU
		{4A57C3A3-4325-42BB-A695-6AE4857E9DB3}.Debug|ARM.Build.0 = Debug|Any CPU
		{4A57C3A3-4325-42BB-A695-6AE4857E9DB3}.Debug|ARM.Deploy.0 = Debug|Any CPU
		{4A57C3A3-4325-42BB-A695-6AE4857E9DB3}.Debug|iPhone.ActiveCfg = Debug|Any CPU
		{4A57C3A3-4325-42BB-A695-6AE4857E9DB3}.Debug|iPhone.Build.0 = Debug|Any CPU
		{4A57C3A3-4325-42BB-A695-6AE4857E9DB3}.Debug|iPhone.Deploy.0 = Debug|Any CPU
		{4A57C3A3-4325-42BB-A695-6AE4857E9DB3}.Debug|iPhoneSimulator.ActiveCfg = Debug|Any CPU
		{4A57C3A3-4325-42BB-A695-6AE4857E9DB3}.Debug|iPhoneSimulator.Build.0 = Debug|Any CPU
		{4A57C3A3-4325-42BB-A695-6AE4857E9DB3}.Debug|iPhoneSimulator.Deploy.0 = Debug|Any CPU
		{4A57C3A3-4325-42BB-A695-6AE4857E9DB3}.Debug|x64.ActiveCfg = Debug|Any CPU
		{4A57C3A3-4325-42BB-A695-6AE4857E9DB3}.Debug|x64.Build.0 = Debug|Any CPU
		{4A57C3A3-4325-42BB-A695-6AE4857E9DB3}.Debug|x64.Deploy.0 = Debug|Any CPU
		{4A57C3A3-4325-42BB-A695-6AE4857E9DB3}.Debug|x86.ActiveCfg = Debug|Any CPU
		{4A57C3A3-4325-42BB-A695-6AE4857E9DB3}.Debug|x86.Build.0 = Debug|Any CPU
		{4A57C3A3-4325-42BB-A695-6AE4857E9DB3}.Debug|x86.Deploy.0 = Debug|Any CPU
		{4A57C3A3-4325-42BB-A695-6AE4857E9DB3}.Release|Any CPU.ActiveCfg = Release|Any CPU
		{4A57C3A3-4325-42BB-A695-6AE4857E9DB3}.Release|Any CPU.Build.0 = Release|Any CPU
		{4A57C3A3-4325-42BB-A695-6AE4857E9DB3}.Release|Any CPU.Deploy.0 = Release|Any CPU
		{4A57C3A3-4325-42BB-A695-6AE4857E9DB3}.Release|ARM.ActiveCfg = Release|Any CPU
		{4A57C3A3-4325-42BB-A695-6AE4857E9DB3}.Release|ARM.Build.0 = Release|Any CPU
		{4A57C3A3-4325-42BB-A695-6AE4857E9DB3}.Release|ARM.Deploy.0 = Release|Any CPU
		{4A57C3A3-4325-42BB-A695-6AE4857E9DB3}.Release|iPhone.ActiveCfg = Release|Any CPU
		{4A57C3A3-4325-42BB-A695-6AE4857E9DB3}.Release|iPhone.Build.0 = Release|Any CPU
		{4A57C3A3-4325-42BB-A695-6AE4857E9DB3}.Release|iPhone.Deploy.0 = Release|Any CPU
		{4A57C3A3-4325-42BB-A695-6AE4857E9DB3}.Release|iPhoneSimulator.ActiveCfg = Release|Any CPU
		{4A57C3A3-4325-42BB-A695-6AE4857E9DB3}.Release|iPhoneSimulator.Build.0 = Release|Any CPU
		{4A57C3A3-4325-42BB-A695-6AE4857E9DB3}.Release|iPhoneSimulator.Deploy.0 = Release|Any CPU
		{4A57C3A3-4325-42BB-A695-6AE4857E9DB3}.Release|x64.ActiveCfg = Release|Any CPU
		{4A57C3A3-4325-42BB-A695-6AE4857E9DB3}.Release|x64.Build.0 = Release|Any CPU
		{4A57C3A3-4325-42BB-A695-6AE4857E9DB3}.Release|x64.Deploy.0 = Release|Any CPU
		{4A57C3A3-4325-42BB-A695-6AE4857E9DB3}.Release|x86.ActiveCfg = Release|Any CPU
		{4A57C3A3-4325-42BB-A695-6AE4857E9DB3}.Release|x86.Build.0 = Release|Any CPU
		{4A57C3A3-4325-42BB-A695-6AE4857E9DB3}.Release|x86.Deploy.0 = Release|Any CPU
	EndGlobalSection
	GlobalSection(SolutionProperties) = preSolution
		HideSolutionNode = FALSE
	EndGlobalSection
	GlobalSection(ExtensibilityGlobals) = postSolution
		SolutionGuid = {1695F669-DBA3-40B9-A637-A5E295C7B8A6}
	EndGlobalSection
EndGlobal
